
Microsoft Visual Studio Solution File, Format Version 12.00
# Visual Studio 15
VisualStudioVersion = 15.0.28307.438
MinimumVisualStudioVersion = 10.0.40219.1
Project("{FAE04EC0-301F-11D3-BF4B-00C04F79EFBC}") = "FinnishReferenceNumberValidator", "FinnishReferenceNumberValidator\FinnishReferenceNumberValidator.csproj", "{9CB90AAA-31A6-46FF-A3C7-C7D64C6D73D3}"
EndProject
Project("{9A19103F-16F7-4668-BE54-9A1E7A4F7556}") = "ReferenceNumberValidator.Tests", "ReferenceNumberValidator.Tests\ReferenceNumberValidator.Tests.csproj", "{DDB6006A-87FC-424A-A3D5-8E90A5A5B1A6}"
EndProject
Global
	GlobalSection(SolutionConfigurationPlatforms) = preSolution
		Debug|Any CPU = Debug|Any CPU
		Release|Any CPU = Release|Any CPU
	EndGlobalSection
	GlobalSection(ProjectConfigurationPlatforms) = postSolution
		{9CB90AAA-31A6-46FF-A3C7-C7D64C6D73D3}.Debug|Any CPU.ActiveCfg = Debug|Any CPU
		{9CB90AAA-31A6-46FF-A3C7-C7D64C6D73D3}.Debug|Any CPU.Build.0 = Debug|Any CPU
		{9CB90AAA-31A6-46FF-A3C7-C7D64C6D73D3}.Release|Any CPU.ActiveCfg = Release|Any CPU
		{9CB90AAA-31A6-46FF-A3C7-C7D64C6D73D3}.Release|Any CPU.Build.0 = Release|Any CPU
		{DDB6006A-87FC-424A-A3D5-8E90A5A5B1A6}.Debug|Any CPU.ActiveCfg = Debug|Any CPU
		{DDB6006A-87FC-424A-A3D5-8E90A5A5B1A6}.Debug|Any CPU.Build.0 = Debug|Any CPU
		{DDB6006A-87FC-424A-A3D5-8E90A5A5B1A6}.Release|Any CPU.ActiveCfg = Release|Any CPU
		{DDB6006A-87FC-424A-A3D5-8E90A5A5B1A6}.Release|Any CPU.Build.0 = Release|Any CPU
	EndGlobalSection
	GlobalSection(SolutionProperties) = preSolution
		HideSolutionNode = FALSE
	EndGlobalSection
	GlobalSection(ExtensibilityGlobals) = postSolution
		SolutionGuid = {8E500A32-FA7F-4806-86B4-AAAA672B488B}
	EndGlobalSection
EndGlobal
